
Microsoft Visual Studio Solution File, Format Version 12.00
# Visual Studio Version 16
VisualStudioVersion = 16.0.31229.75
MinimumVisualStudioVersion = 10.0.40219.1
Project("{FAE04EC0-301F-11D3-BF4B-00C04F79EFBC}") = "canteenAPI", "canteenAPI\canteenAPI.csproj", "{CF020A36-4CE7-4CFB-A729-C5DDA3B6027E}"
EndProject
Global
	GlobalSection(SolutionConfigurationPlatforms) = preSolution
		Debug|Any CPU = Debug|Any CPU
		Release|Any CPU = Release|Any CPU
	EndGlobalSection
	GlobalSection(ProjectConfigurationPlatforms) = postSolution
		{CF020A36-4CE7-4CFB-A729-C5DDA3B6027E}.Debug|Any CPU.ActiveCfg = Debug|Any CPU
		{CF020A36-4CE7-4CFB-A729-C5DDA3B6027E}.Debug|Any CPU.Build.0 = Debug|Any CPU
		{CF020A36-4CE7-4CFB-A729-C5DDA3B6027E}.Release|Any CPU.ActiveCfg = Release|Any CPU
		{CF020A36-4CE7-4CFB-A729-C5DDA3B6027E}.Release|Any CPU.Build.0 = Release|Any CPU
	EndGlobalSection
	GlobalSection(SolutionProperties) = preSolution
		HideSolutionNode = FALSE
	EndGlobalSection
	GlobalSection(ExtensibilityGlobals) = postSolution
		SolutionGuid = {1D83225D-7B9C-421D-BE5A-95B673E934EE}
	EndGlobalSection
EndGlobal
